schema: '2.0'
stages:
  data_ingestion:
    cmd: python src/data_ingestion.py
    deps:
    - path: src/data_ingestion.py
      hash: md5
      md5: e02363d3b4116a0e3ca0e48da346bfd3
      size: 4234
    params:
      params.yaml:
        data_ingestion.test_size: 0.2
    outs:
    - path: data/raw
      hash: md5
      md5: dc01c26c0c8a24ccbc1d4daa636e5ac5.dir
      size: 472955
      nfiles: 2
  data_preprocessing:
    cmd: python src/data_preprocessing.py
    deps:
    - path: data/raw
      hash: md5
      md5: dc01c26c0c8a24ccbc1d4daa636e5ac5.dir
      size: 472955
      nfiles: 2
    - path: src/data_preprocessing.py
      hash: md5
      md5: 2c7a169d6e0ee596fa47cd6ad0752330
      size: 3767
    outs:
    - path: data/interim
      hash: md5
      md5: 13dded76af51bcaa95f68be9eab6be3f.dir
      size: 394834
      nfiles: 2
  feature_engineer:
    cmd: python src/feature_engineer.py
    deps:
    - path: data/interim
      hash: md5
      md5: 13dded76af51bcaa95f68be9eab6be3f.dir
      size: 394834
      nfiles: 2
    - path: src/feature_engineer.py
      hash: md5
      md5: 8b8d1959e4670145579908e702772007
      size: 3710
    params:
      params.yaml:
        feature_engineer.max_features: 100
    outs:
    - path: data/processed
      hash: md5
      md5: a9a33c7a3bc2857b9c5b12e5c428afb0.dir
      size: 2316078
      nfiles: 2
  model_building:
    cmd: python src/model_training.py
    deps:
    - path: data/processed
      hash: md5
      md5: e5613666a76a1f8ac6a48fa8ced483c7.dir
      size: 1186538
      nfiles: 2
    - path: src/model_training.py
      hash: md5
      md5: 404fceff441562089223164deb58528a
      size: 4576
    outs:
    - path: models/model.pkl
      hash: md5
      md5: a6100302d1f1d36ec68010051aeda76f
      size: 2097687
  model_training:
    cmd: python src/model_training.py
    deps:
    - path: data/processed
      hash: md5
      md5: a9a33c7a3bc2857b9c5b12e5c428afb0.dir
      size: 2316078
      nfiles: 2
    - path: src/model_training.py
      hash: md5
      md5: 805e2b84e4e2fc553d33536974fd3177
      size: 4772
    params:
      params.yaml:
        model_training.max_depth: 13
        model_training.min_samples_leaf: 2
        model_training.min_samples_split: 5
        model_training.n_estimators: 79
        model_training.random_state: 42
    outs:
    - path: models/model.pkl
      hash: md5
      md5: 8ea76cb7dfcd358c5758a5fb9ec6a016
      size: 718538
  model_evaluation:
    cmd: python src/model_evaluation.py
    deps:
    - path: models/model.pkl
      hash: md5
      md5: 8ea76cb7dfcd358c5758a5fb9ec6a016
      size: 718538
    - path: src/model_evaluation.py
      hash: md5
      md5: 6a85cc738ea2815042880a60adc86c7a
      size: 3441
    outs:
    - path: reports/metrics.json
      hash: md5
      md5: 93136a5b6c19fc8bd700c76f35b81ab8
      size: 148
